// !$*UTF8*$!
{
	archiveVersion = 1;
	classes = {
	};
	objectVersion = 48;
	objects = {

/* Begin PBXBuildFile section */
		7418FE1821098B49005E060E /* AppDelegate.swift in Sources */ = {isa = PBXBuildFile; fileRef = 7418FE1721098B49005E060E /* AppDelegate.swift */; };
		7418FE1A21098B49005E060E /* LoginVC.swift in Sources */ = {isa = PBXBuildFile; fileRef = 7418FE1921098B49005E060E /* LoginVC.swift */; };
		7418FE1D21098B49005E060E /* Main.storyboard in Resources */ = {isa = PBXBuildFile; fileRef = 7418FE1B21098B49005E060E /* Main.storyboard */; };
		7418FE1F21098B49005E060E /* Assets.xcassets in Resources */ = {isa = PBXBuildFile; fileRef = 7418FE1E21098B49005E060E /* Assets.xcassets */; };
		7418FE2221098B49005E060E /* LaunchScreen.storyboard in Resources */ = {isa = PBXBuildFile; fileRef = 7418FE2021098B49005E060E /* LaunchScreen.storyboard */; };
		74551327210AD1A700BFF566 /* Constants.swift in Sources */ = {isa = PBXBuildFile; fileRef = 74551326210AD1A700BFF566 /* Constants.swift */; };
		7455132A210AD60100BFF566 /* Modal.swift in Sources */ = {isa = PBXBuildFile; fileRef = 74551329210AD60100BFF566 /* Modal.swift */; };
		7455132D210AD6D800BFF566 /* TermsAlertView.swift in Sources */ = {isa = PBXBuildFile; fileRef = 7455132C210AD6D800BFF566 /* TermsAlertView.swift */; };
/* End PBXBuildFile section */

/* Begin PBXFileReference section */
		7418FE1421098B49005E060E /* Travello.app */ = {isa = PBXFileReference; explicitFileType = wrapper.application; includeInIndex = 0; path = Travello.app; sourceTree = BUILT_PRODUCTS_DIR; };
		7418FE1721098B49005E060E /* AppDelegate.swift */ = {isa = PBXFileReference; lastKnownFileType = sourcecode.swift; path = AppDelegate.swift; sourceTree = "<group>"; };
		7418FE1921098B49005E060E /* LoginVC.swift */ = {isa = PBXFileReference; lastKnownFileType = sourcecode.swift; path = LoginVC.swift; sourceTree = "<group>"; };
		7418FE1C21098B49005E060E /* Base */ = {isa = PBXFileReference; lastKnownFileType = file.storyboard; name = Base; path = Base.lproj/Main.storyboard; sourceTree = "<group>"; };
		7418FE1E21098B49005E060E /* Assets.xcassets */ = {isa = PBXFileReference; lastKnownFileType = folder.assetcatalog; path = Assets.xcassets; sourceTree = "<group>"; };
		7418FE2121098B49005E060E /* Base */ = {isa = PBXFileReference; lastKnownFileType = file.storyboard; name = Base; path = Base.lproj/LaunchScreen.storyboard; sourceTree = "<group>"; };
		7418FE2321098B49005E060E /* Info.plist */ = {isa = PBXFileReference; lastKnownFileType = text.plist.xml; path = Info.plist; sourceTree = "<group>"; };
		74551326210AD1A700BFF566 /* Constants.swift */ = {isa = PBXFileReference; lastKnownFileType = sourcecode.swift; path = Constants.swift; sourceTree = "<group>"; };
		74551329210AD60100BFF566 /* Modal.swift */ = {isa = PBXFileReference; lastKnownFileType = sourcecode.swift; path = Modal.swift; sourceTree = "<group>"; };
		7455132C210AD6D800BFF566 /* TermsAlertView.swift */ = {isa = PBXFileReference; lastKnownFileType = sourcecode.swift; path = TermsAlertView.swift; sourceTree = "<group>"; };
/* End PBXFileReference section */

/* Begin PBXFrameworksBuildPhase section */
		7418FE1121098B49005E060E /* Frameworks */ = {
			isa = PBXFrameworksBuildPhase;
			buildActionMask = 2147483647;
			files = (
			);
			runOnlyForDeploymentPostprocessing = 0;
		};
/* End PBXFrameworksBuildPhase section */

/* Begin PBXGroup section */
		7418FE0B21098B49005E060E = {
			isa = PBXGroup;
			children = (
				7418FE1621098B49005E060E /* Travello */,
				7418FE1521098B49005E060E /* Products */,
			);
			sourceTree = "<group>";
		};
		7418FE1521098B49005E060E /* Products */ = {
			isa = PBXGroup;
			children = (
				7418FE1421098B49005E060E /* Travello.app */,
			);
			name = Products;
			sourceTree = "<group>";
		};
		7418FE1621098B49005E060E /* Travello */ = {
			isa = PBXGroup;
			children = (
				74551328210AD5E800BFF566 /* Protocol&Extensions */,
				7418FE2D21099028005E060E /* Constants */,
				7418FE2C21098E89005E060E /* Resources */,
				7418FE2B21098E81005E060E /* Controllers */,
				7418FE2A21098E79005E060E /* Views */,
				7418FE2921098E6D005E060E /* Models */,
			);
			path = Travello;
			sourceTree = "<group>";
		};
		7418FE2921098E6D005E060E /* Models */ = {
			isa = PBXGroup;
			children = (
			);
			path = Models;
			sourceTree = "<group>";
		};
		7418FE2A21098E79005E060E /* Views */ = {
			isa = PBXGroup;
			children = (
				7455132B210AD6C700BFF566 /* CustomViews */,
				7418FE1B21098B49005E060E /* Main.storyboard */,
				7418FE2021098B49005E060E /* LaunchScreen.storyboard */,
			);
			path = Views;
			sourceTree = "<group>";
		};
		7418FE2B21098E81005E060E /* Controllers */ = {
			isa = PBXGroup;
			children = (
				7418FE1721098B49005E060E /* AppDelegate.swift */,
				7418FE1921098B49005E060E /* LoginVC.swift */,
			);
			path = Controllers;
			sourceTree = "<group>";
		};
		7418FE2C21098E89005E060E /* Resources */ = {
			isa = PBXGroup;
			children = (
				7418FE2321098B49005E060E /* Info.plist */,
				7418FE1E21098B49005E060E /* Assets.xcassets */,
			);
			path = Resources;
			sourceTree = "<group>";
		};
		7418FE2D21099028005E060E /* Constants */ = {
			isa = PBXGroup;
			children = (
				74551326210AD1A700BFF566 /* Constants.swift */,
			);
			path = Constants;
			sourceTree = "<group>";
		};
		74551328210AD5E800BFF566 /* Protocol&Extensions */ = {
			isa = PBXGroup;
			children = (
				74551329210AD60100BFF566 /* Modal.swift */,
			);
			path = "Protocol&Extensions";
			sourceTree = "<group>";
		};
		7455132B210AD6C700BFF566 /* CustomViews */ = {
			isa = PBXGroup;
			children = (
				7455132C210AD6D800BFF566 /* TermsAlertView.swift */,
			);
			path = CustomViews;
			sourceTree = "<group>";
		};
/* End PBXGroup section */

/* Begin PBXNativeTarget section */
		7418FE1321098B49005E060E /* Travello */ = {
			isa = PBXNativeTarget;
			buildConfigurationList = 7418FE2621098B49005E060E /* Build configuration list for PBXNativeTarget "Travello" */;
			buildPhases = (
				7418FE1021098B49005E060E /* Sources */,
				7418FE1121098B49005E060E /* Frameworks */,
				7418FE1221098B49005E060E /* Resources */,
			);
			buildRules = (
			);
			dependencies = (
			);
			name = Travello;
			productName = Travello;
			productReference = 7418FE1421098B49005E060E /* Travello.app */;
			productType = "com.apple.product-type.application";
		};
/* End PBXNativeTarget section */

/* Begin PBXProject section */
		7418FE0C21098B49005E060E /* Project object */ = {
			isa = PBXProject;
			attributes = {
				LastSwiftUpdateCheck = 0920;
				LastUpgradeCheck = 0920;
				ORGANIZATIONNAME = "Md Munir Hossain";
				TargetAttributes = {
					7418FE1321098B49005E060E = {
						CreatedOnToolsVersion = 9.2;
						ProvisioningStyle = Automatic;
					};
				};
			};
			buildConfigurationList = 7418FE0F21098B49005E060E /* Build configuration list for PBXProject "Travello" */;
			compatibilityVersion = "Xcode 8.0";
			developmentRegion = en;
			hasScannedForEncodings = 0;
			knownRegions = (
				en,
				Base,
			);
			mainGroup = 7418FE0B21098B49005E060E;
			productRefGroup = 7418FE1521098B49005E060E /* Products */;
			projectDirPath = "";
			projectRoot = "";
			targets = (
				7418FE1321098B49005E060E /* Travello */,
			);
		};
/* End PBXProject section */

/* Begin PBXResourcesBuildPhase section */
		7418FE1221098B49005E060E /* Resources */ = {
			isa = PBXResourcesBuildPhase;
			buildActionMask = 2147483647;
			files = (
				7418FE2221098B49005E060E /* LaunchScreen.storyboard in Resources */,
				7418FE1F21098B49005E060E /* Assets.xcassets in Resources */,
				7418FE1D21098B49005E060E /* Main.storyboard in Resources */,
			);
			runOnlyForDeploymentPostprocessing = 0;
		};
/* End PBXResourcesBuildPhase section */

/* Begin PBXSourcesBuildPhase section */
		7418FE1021098B49005E060E /* Sources */ = {
			isa = PBXSourcesBuildPhase;
			buildActionMask = 2147483647;
			files = (
				7455132D210AD6D800BFF566 /* TermsAlertView.swift in Sources */,
				7418FE1A21098B49005E060E /* LoginVC.swift in Sources */,
				7418FE1821098B49005E060E /* AppDelegate.swift in Sources */,
				74551327210AD1A700BFF566 /* Constants.swift in Sources */,
				7455132A210AD60100BFF566 /* Modal.swift in Sources */,
			);
			runOnlyForDeploymentPostprocessing = 0;
		};
/* End PBXSourcesBuildPhase section */

/* Begin PBXVariantGroup section */
		7418FE1B21098B49005E060E /* Main.storyboard */ = {
			isa = PBXVariantGroup;
			children = (
				7418FE1C21098B49005E060E /* Base */,
			);
			name = Main.storyboard;
			sourceTree = "<group>";
		};
		7418FE2021098B49005E060E /* LaunchScreen.storyboard */ = {
			isa = PBXVariantGroup;
			children = (
				7418FE2121098B49005E060E /* Base */,
			);
			name = LaunchScreen.storyboard;
			sourceTree = "<group>";
		};
/* End PBXVariantGroup section */

/* Begin XCBuildConfiguration section */
		7418FE2421098B49005E060E /* Debug */ = {
			isa = XCBuildConfiguration;
			buildSettings = {
				ALWAYS_SEARCH_USER_PATHS = NO;
				CLANG_ANALYZER_NONNULL = YES;
				CLANG_ANALYZER_NUMBER_OBJECT_CONVERSION = YES_AGGRESSIVE;
				CLANG_CXX_LANGUAGE_STANDARD = "gnu++14";
				CLANG_CXX_LIBRARY = "libc++";
				CLANG_ENABLE_MODULES = YES;
				CLANG_ENABLE_OBJC_ARC = YES;
				CLANG_WARN_BLOCK_CAPTURE_AUTORELEASING = YES;
				CLANG_WARN_BOOL_CONVERSION = YES;
				CLANG_WARN_COMMA = YES;
				CLANG_WARN_CONSTANT_CONVERSION = YES;
				CLANG_WARN_DIRECT_OBJC_ISA_USAGE = YES_ERROR;
				CLANG_WARN_DOCUMENTATION_COMMENTS = YES;
				CLANG_WARN_EMPTY_BODY = YES;
				CLANG_WARN_ENUM_CONVERSION = YES;
				CLANG_WARN_INFINITE_RECURSION = YES;
				CLANG_WARN_INT_CONVERSION = YES;
				CLANG_WARN_NON_LITERAL_NULL_CONVERSION = YES;
				CLANG_WARN_OBJC_LITERAL_CONVERSION = YES;
				CLANG_WARN_OBJC_ROOT_CLASS = YES_ERROR;
				CLANG_WARN_RANGE_LOOP_ANALYSIS = YES;
				CLANG_WARN_STRICT_PROTOTYPES = YES;
				CLANG_WARN_SUSPICIOUS_MOVE = YES;
				CLANG_WARN_UNGUARDED_AVAILABILITY = YES_AGGRESSIVE;
				CLANG_WARN_UNREACHABLE_CODE = YES;
				CLANG_WARN__DUPLICATE_METHOD_MATCH = YES;
				CODE_SIGN_IDENTITY = "iPhone Developer";
				COPY_PHASE_STRIP = NO;
				DEBUG_INFORMATION_FORMAT = dwarf;
				ENABLE_STRICT_OBJC_MSGSEND = YES;
				ENABLE_TESTABILITY = YES;
				GCC_C_LANGUAGE_STANDARD = gnu11;
				GCC_DYNAMIC_NO_PIC = NO;
				GCC_NO_COMMON_BLOCKS = YES;
				GCC_OPTIMIZATION_LEVEL = 0;
				GCC_PREPROCESSOR_DEFINITIONS = (
					"DEBUG=1",
					"$(inherited)",
				);
				GCC_WARN_64_TO_32_BIT_CONVERSION = YES;
				GCC_WARN_ABOUT_RETURN_TYPE = YES_ERROR;
				GCC_WARN_UNDECLARED_SELECTOR = YES;
				GCC_WARN_UNINITIALIZED_AUTOS = YES_AGGRESSIVE;
				GCC_WARN_UNUSED_FUNCTION = YES;
				GCC_WARN_UNUSED_VARIABLE = YES;
				IPHONEOS_DEPLOYMENT_TARGET = 11.2;
				MTL_ENABLE_DEBUG_INFO = YES;
				ONLY_ACTIVE_ARCH = YES;
				SDKROOT = iphoneos;
				SWIFT_ACTIVE_COMPILATION_CONDITIONS = DEBUG;
				SWIFT_OPTIMIZATION_LEVEL = "-Onone";
			};
			name = Debug;
		};
		7418FE2521098B49005E060E /* Release */ = {
			isa = XCBuildConfiguration;
			buildSettings = {
				ALWAYS_SEARCH_USER_PATHS = NO;
				CLANG_ANALYZER_NONNULL = YES;
				CLANG_ANALYZER_NUMBER_OBJECT_CONVERSION = YES_AGGRESSIVE;
				CLANG_CXX_LANGUAGE_STANDARD = "gnu++14";
				CLANG_CXX_LIBRARY = "libc++";
				CLANG_ENABLE_MODULES = YES;
				CLANG_ENABLE_OBJC_ARC = YES;
				CLANG_WARN_BLOCK_CAPTURE_AUTORELEASING = YES;
				CLANG_WARN_BOOL_CONVERSION = YES;
				CLANG_WARN_COMMA = YES;
				CLANG_WARN_CONSTANT_CONVERSION = YES;
				CLANG_WARN_DIRECT_OBJC_ISA_USAGE = YES_ERROR;
				CLANG_WARN_DOCUMENTATION_COMMENTS = YES;
				CLANG_WARN_EMPTY_BODY = YES;
				CLANG_WARN_ENUM_CONVERSION = YES;
				CLANG_WARN_INFINITE_RECURSION = YES;
				CLANG_WARN_INT_CONVERSION = YES;
				CLANG_WARN_NON_LITERAL_NULL_CONVERSION = YES;
				CLANG_WARN_OBJC_LITERAL_CONVERSION = YES;
				CLANG_WARN_OBJC_ROOT_CLASS = YES_ERROR;
				CLANG_WARN_RANGE_LOOP_ANALYSIS = YES;
				CLANG_WARN_STRICT_PROTOTYPES = YES;
				CLANG_WARN_SUSPICIOUS_MOVE = YES;
				CLANG_WARN_UNGUARDED_AVAILABILITY = YES_AGGRESSIVE;
				CLANG_WARN_UNREACHABLE_CODE = YES;
				CLANG_WARN__DUPLICATE_METHOD_MATCH = YES;
				CODE_SIGN_IDENTITY = "iPhone Developer";
				COPY_PHASE_STRIP = NO;
				DEBUG_INFORMATION_FORMAT = "dwarf-with-dsym";
				ENABLE_NS_ASSERTIONS = NO;
				ENABLE_STRICT_OBJC_MSGSEND = YES;
				GCC_C_LANGUAGE_STANDARD = gnu11;
				GCC_NO_COMMON_BLOCKS = YES;
				GCC_WARN_64_TO_32_BIT_CONVERSION = YES;
				GCC_WARN_ABOUT_RETURN_TYPE = YES_ERROR;
				GCC_WARN_UNDECLARED_SELECTOR = YES;
				GCC_WARN_UNINITIALIZED_AUTOS = YES_AGGRESSIVE;
				GCC_WARN_UNUSED_FUNCTION = YES;
				GCC_WARN_UNUSED_VARIABLE = YES;
				IPHONEOS_DEPLOYMENT_TARGET = 11.2;
				MTL_ENABLE_DEBUG_INFO = NO;
				SDKROOT = iphoneos;
				SWIFT_OPTIMIZATION_LEVEL = "-Owholemodule";
				VALIDATE_PRODUCT = YES;
			};
			name = Release;
		};
		7418FE2721098B49005E060E /* Debug */ = {
			isa = XCBuildConfiguration;
			buildSettings = {
				ASSETCATALOG_COMPILER_APPICON_NAME = AppIcon;
				CODE_SIGN_STYLE = Automatic;
				DEVELOPMENT_TEAM = 7A9JA8PNZH;
				INFOPLIST_FILE = "$(SRCROOT)/Travello/Resources/Info.plist";
				LD_RUNPATH_SEARCH_PATHS = "$(inherited) @executable_path/Frameworks";
				PRODUCT_BUNDLE_IDENTIFIER = Lipdroid.Travello;
				PRODUCT_NAME = "$(TARGET_NAME)";
				SWIFT_VERSION = 4.0;
				TARGETED_DEVICE_FAMILY = 1;
			};
			name = Debug;
		};
		7418FE2821098B49005E060E /* Release */ = {
			isa = XCBuildConfiguration;
			buildSettings = {
				ASSETCATALOG_COMPILER_APPICON_NAME = AppIcon;
				CODE_SIGN_STYLE = Automatic;
				DEVELOPMENT_TEAM = 7A9JA8PNZH;
				INFOPLIST_FILE = "$(SRCROOT)/Travello/Resources/Info.plist";
				LD_RUNPATH_SEARCH_PATHS = "$(inherited) @executable_path/Frameworks";
				PRODUCT_BUNDLE_IDENTIFIER = Lipdroid.Travello;
				PRODUCT_NAME = "$(TARGET_NAME)";
				SWIFT_VERSION = 4.0;
				TARGETED_DEVICE_FAMILY = 1;
			};
			name = Release;
		};
/* End XCBuildConfiguration section */

/* Begin XCConfigurationList section */
		7418FE0F21098B49005E060E /* Build configuration list for PBXProject "Travello" */ = {
			isa = XCConfigurationList;
			buildConfigurations = (
				7418FE2421098B49005E060E /* Debug */,
				7418FE2521098B49005E060E /* Release */,
			);
			defaultConfigurationIsVisible = 0;
			defaultConfigurationName = Release;
		};
		7418FE2621098B49005E060E /* Build configuration list for PBXNativeTarget "Travello" */ = {
			isa = XCConfigurationList;
			buildConfigurations = (
				7418FE2721098B49005E060E /* Debug */,
				7418FE2821098B49005E060E /* Release */,
			);
			defaultConfigurationIsVisible = 0;
			defaultConfigurationName = Release;
		};
/* End XCConfigurationList section */
	};
	rootObject = 7418FE0C21098B49005E060E /* Project object */;
}
